// !$*UTF8*$!
{
	archiveVersion = 1;
	classes = {
	};
	objectVersion = 52;
	objects = {

/* Begin PBXBuildFile section */
		A66AA22526AFF3CA00733E15 /* AppDelegate.swift in Sources */ = {isa = PBXBuildFile; fileRef = A66AA22426AFF3CA00733E15 /* AppDelegate.swift */; };
		A66AA22726AFF3CA00733E15 /* SceneDelegate.swift in Sources */ = {isa = PBXBuildFile; fileRef = A66AA22626AFF3CA00733E15 /* SceneDelegate.swift */; };
		A66AA22926AFF3CA00733E15 /* GalleryViewController.swift in Sources */ = {isa = PBXBuildFile; fileRef = A66AA22826AFF3CA00733E15 /* GalleryViewController.swift */; };
		A66AA22C26AFF3CA00733E15 /* Main.storyboard in Resources */ = {isa = PBXBuildFile; fileRef = A66AA22A26AFF3CA00733E15 /* Main.storyboard */; };
		A66AA22E26AFF3CC00733E15 /* Assets.xcassets in Resources */ = {isa = PBXBuildFile; fileRef = A66AA22D26AFF3CC00733E15 /* Assets.xcassets */; };
		A66AA23126AFF3CC00733E15 /* LaunchScreen.storyboard in Resources */ = {isa = PBXBuildFile; fileRef = A66AA22F26AFF3CC00733E15 /* LaunchScreen.storyboard */; };
		A66AA23B26B000E900733E15 /* ThumbnailCell.swift in Sources */ = {isa = PBXBuildFile; fileRef = A66AA23A26B000E900733E15 /* ThumbnailCell.swift */; };
		A66AA23D26B0020300733E15 /* GalleryVM.swift in Sources */ = {isa = PBXBuildFile; fileRef = A66AA23C26B0020300733E15 /* GalleryVM.swift */; };
		A66AA24426B005DC00733E15 /* Realm in Frameworks */ = {isa = PBXBuildFile; productRef = A66AA24326B005DC00733E15 /* Realm */; };
		A66AA24626B005DC00733E15 /* RealmSwift in Frameworks */ = {isa = PBXBuildFile; productRef = A66AA24526B005DC00733E15 /* RealmSwift */; };
		A66AA24926B0061000733E15 /* Alamofire in Frameworks */ = {isa = PBXBuildFile; productRef = A66AA24826B0061000733E15 /* Alamofire */; };
		A66AA24D26B00C1F00733E15 /* UIImage+.swift in Sources */ = {isa = PBXBuildFile; fileRef = A66AA24C26B00C1F00733E15 /* UIImage+.swift */; };
		A6E0AF3E26B42D6200EC7F31 /* PicData.swift in Sources */ = {isa = PBXBuildFile; fileRef = A6E0AF3D26B42D6200EC7F31 /* PicData.swift */; };
		A6E0AF4026B436BC00EC7F31 /* Util.swift in Sources */ = {isa = PBXBuildFile; fileRef = A6E0AF3F26B436BC00EC7F31 /* Util.swift */; };
/* End PBXBuildFile section */

/* Begin PBXFileReference section */
		A66AA22126AFF3CA00733E15 /* SyncImage.app */ = {isa = PBXFileReference; explicitFileType = wrapper.application; includeInIndex = 0; path = SyncImage.app; sourceTree = BUILT_PRODUCTS_DIR; };
		A66AA22426AFF3CA00733E15 /* AppDelegate.swift */ = {isa = PBXFileReference; lastKnownFileType = sourcecode.swift; path = AppDelegate.swift; sourceTree = "<group>"; };
		A66AA22626AFF3CA00733E15 /* SceneDelegate.swift */ = {isa = PBXFileReference; lastKnownFileType = sourcecode.swift; path = SceneDelegate.swift; sourceTree = "<group>"; };
		A66AA22826AFF3CA00733E15 /* GalleryViewController.swift */ = {isa = PBXFileReference; lastKnownFileType = sourcecode.swift; path = GalleryViewController.swift; sourceTree = "<group>"; };
		A66AA22B26AFF3CA00733E15 /* Base */ = {isa = PBXFileReference; lastKnownFileType = file.storyboard; name = Base; path = Base.lproj/Main.storyboard; sourceTree = "<group>"; };
		A66AA22D26AFF3CC00733E15 /* Assets.xcassets */ = {isa = PBXFileReference; lastKnownFileType = folder.assetcatalog; path = Assets.xcassets; sourceTree = "<group>"; };
		A66AA23026AFF3CC00733E15 /* Base */ = {isa = PBXFileReference; lastKnownFileType = file.storyboard; name = Base; path = Base.lproj/LaunchScreen.storyboard; sourceTree = "<group>"; };
		A66AA23226AFF3CC00733E15 /* Info.plist */ = {isa = PBXFileReference; lastKnownFileType = text.plist.xml; path = Info.plist; sourceTree = "<group>"; };
		A66AA23A26B000E900733E15 /* ThumbnailCell.swift */ = {isa = PBXFileReference; lastKnownFileType = sourcecode.swift; path = ThumbnailCell.swift; sourceTree = "<group>"; };
		A66AA23C26B0020300733E15 /* GalleryVM.swift */ = {isa = PBXFileReference; lastKnownFileType = sourcecode.swift; path = GalleryVM.swift; sourceTree = "<group>"; };
		A66AA24C26B00C1F00733E15 /* UIImage+.swift */ = {isa = PBXFileReference; lastKnownFileType = sourcecode.swift; path = "UIImage+.swift"; sourceTree = "<group>"; };
		A6E0AF3D26B42D6200EC7F31 /* PicData.swift */ = {isa = PBXFileReference; lastKnownFileType = sourcecode.swift; path = PicData.swift; sourceTree = "<group>"; };
		A6E0AF3F26B436BC00EC7F31 /* Util.swift */ = {isa = PBXFileReference; lastKnownFileType = sourcecode.swift; path = Util.swift; sourceTree = "<group>"; };
/* End PBXFileReference section */

/* Begin PBXFrameworksBuildPhase section */
		A66AA21E26AFF3C900733E15 /* Frameworks */ = {
			isa = PBXFrameworksBuildPhase;
			buildActionMask = 2147483647;
			files = (
				A66AA24926B0061000733E15 /* Alamofire in Frameworks */,
				A66AA24626B005DC00733E15 /* RealmSwift in Frameworks */,
				A66AA24426B005DC00733E15 /* Realm in Frameworks */,
			);
			runOnlyForDeploymentPostprocessing = 0;
		};
/* End PBXFrameworksBuildPhase section */

/* Begin PBXGroup section */
		A66AA21826AFF3C900733E15 = {
			isa = PBXGroup;
			children = (
				A66AA22326AFF3CA00733E15 /* SyncImage */,
				A66AA22226AFF3CA00733E15 /* Products */,
			);
			sourceTree = "<group>";
		};
		A66AA22226AFF3CA00733E15 /* Products */ = {
			isa = PBXGroup;
			children = (
				A66AA22126AFF3CA00733E15 /* SyncImage.app */,
			);
			name = Products;
			sourceTree = "<group>";
		};
		A66AA22326AFF3CA00733E15 /* SyncImage */ = {
			isa = PBXGroup;
			children = (
				A6E0AF3B26B42D4F00EC7F31 /* Repository */,
				A66AA24B26B00C1000733E15 /* Utils */,
				A66AA24A26B0072900733E15 /* Storyboard */,
				A66AA23926B0006300733E15 /* View */,
				A66AA22426AFF3CA00733E15 /* AppDelegate.swift */,
				A66AA22626AFF3CA00733E15 /* SceneDelegate.swift */,
				A66AA22D26AFF3CC00733E15 /* Assets.xcassets */,
				A66AA22F26AFF3CC00733E15 /* LaunchScreen.storyboard */,
				A66AA23226AFF3CC00733E15 /* Info.plist */,
			);
			path = SyncImage;
			sourceTree = "<group>";
		};
		A66AA23926B0006300733E15 /* View */ = {
			isa = PBXGroup;
			children = (
				A66AA24026B0024900733E15 /* Cell */,
				A66AA22826AFF3CA00733E15 /* GalleryViewController.swift */,
				A66AA23C26B0020300733E15 /* GalleryVM.swift */,
			);
			path = View;
			sourceTree = "<group>";
		};
		A66AA24026B0024900733E15 /* Cell */ = {
			isa = PBXGroup;
			children = (
				A66AA23A26B000E900733E15 /* ThumbnailCell.swift */,
			);
			path = Cell;
			sourceTree = "<group>";
		};
		A66AA24A26B0072900733E15 /* Storyboard */ = {
			isa = PBXGroup;
			children = (
				A66AA22A26AFF3CA00733E15 /* Main.storyboard */,
			);
			path = Storyboard;
			sourceTree = "<group>";
		};
		A66AA24B26B00C1000733E15 /* Utils */ = {
			isa = PBXGroup;
			children = (
				A66AA24C26B00C1F00733E15 /* UIImage+.swift */,
				A6E0AF3F26B436BC00EC7F31 /* Util.swift */,
			);
			path = Utils;
			sourceTree = "<group>";
		};
		A6E0AF3B26B42D4F00EC7F31 /* Repository */ = {
			isa = PBXGroup;
			children = (
				A6E0AF3C26B42D5700EC7F31 /* Model */,
			);
			path = Repository;
			sourceTree = "<group>";
		};
		A6E0AF3C26B42D5700EC7F31 /* Model */ = {
			isa = PBXGroup;
			children = (
				A6E0AF3D26B42D6200EC7F31 /* PicData.swift */,
			);
			path = Model;
			sourceTree = "<group>";
		};
/* End PBXGroup section */

/* Begin PBXNativeTarget section */
		A66AA22026AFF3C900733E15 /* SyncImage */ = {
			isa = PBXNativeTarget;
			buildConfigurationList = A66AA23526AFF3CC00733E15 /* Build configuration list for PBXNativeTarget "SyncImage" */;
			buildPhases = (
				A66AA21D26AFF3C900733E15 /* Sources */,
				A66AA21E26AFF3C900733E15 /* Frameworks */,
				A66AA21F26AFF3C900733E15 /* Resources */,
			);
			buildRules = (
			);
			dependencies = (
			);
			name = SyncImage;
			packageProductDependencies = (
				A66AA24326B005DC00733E15 /* Realm */,
				A66AA24526B005DC00733E15 /* RealmSwift */,
				A66AA24826B0061000733E15 /* Alamofire */,
			);
			productName = SyncImage;
			productReference = A66AA22126AFF3CA00733E15 /* SyncImage.app */;
			productType = "com.apple.product-type.application";
		};
/* End PBXNativeTarget section */

/* Begin PBXProject section */
		A66AA21926AFF3C900733E15 /* Project object */ = {
			isa = PBXProject;
			attributes = {
				LastSwiftUpdateCheck = 1250;
				LastUpgradeCheck = 1250;
				TargetAttributes = {
					A66AA22026AFF3C900733E15 = {
						CreatedOnToolsVersion = 12.5.1;
					};
				};
			};
			buildConfigurationList = A66AA21C26AFF3C900733E15 /* Build configuration list for PBXProject "SyncImage" */;
			compatibilityVersion = "Xcode 9.3";
			developmentRegion = en;
			hasScannedForEncodings = 0;
			knownRegions = (
				en,
				Base,
			);
			mainGroup = A66AA21826AFF3C900733E15;
			packageReferences = (
				A66AA24226B005DC00733E15 /* XCRemoteSwiftPackageReference "realm-cocoa" */,
				A66AA24726B0061000733E15 /* XCRemoteSwiftPackageReference "Alamofire" */,
			);
			productRefGroup = A66AA22226AFF3CA00733E15 /* Products */;
			projectDirPath = "";
			projectRoot = "";
			targets = (
				A66AA22026AFF3C900733E15 /* SyncImage */,
			);
		};
/* End PBXProject section */

/* Begin PBXResourcesBuildPhase section */
		A66AA21F26AFF3C900733E15 /* Resources */ = {
			isa = PBXResourcesBuildPhase;
			buildActionMask = 2147483647;
			files = (
				A66AA23126AFF3CC00733E15 /* LaunchScreen.storyboard in Resources */,
				A66AA22E26AFF3CC00733E15 /* Assets.xcassets in Resources */,
				A66AA22C26AFF3CA00733E15 /* Main.storyboard in Resources */,
			);
			runOnlyForDeploymentPostprocessing = 0;
		};
/* End PBXResourcesBuildPhase section */

/* Begin PBXSourcesBuildPhase section */
		A66AA21D26AFF3C900733E15 /* Sources */ = {
			isa = PBXSourcesBuildPhase;
			buildActionMask = 2147483647;
			files = (
				A66AA22926AFF3CA00733E15 /* GalleryViewController.swift in Sources */,
				A66AA23D26B0020300733E15 /* GalleryVM.swift in Sources */,
				A66AA22526AFF3CA00733E15 /* AppDelegate.swift in Sources */,
				A66AA24D26B00C1F00733E15 /* UIImage+.swift in Sources */,
				A6E0AF4026B436BC00EC7F31 /* Util.swift in Sources */,
				A66AA23B26B000E900733E15 /* ThumbnailCell.swift in Sources */,
				A66AA22726AFF3CA00733E15 /* SceneDelegate.swift in Sources */,
				A6E0AF3E26B42D6200EC7F31 /* PicData.swift in Sources */,
			);
			runOnlyForDeploymentPostprocessing = 0;
		};
/* End PBXSourcesBuildPhase section */

/* Begin PBXVariantGroup section */
		A66AA22A26AFF3CA00733E15 /* Main.storyboard */ = {
			isa = PBXVariantGroup;
			children = (
				A66AA22B26AFF3CA00733E15 /* Base */,
			);
			name = Main.storyboard;
			sourceTree = "<group>";
		};
		A66AA22F26AFF3CC00733E15 /* LaunchScreen.storyboard */ = {
			isa = PBXVariantGroup;
			children = (
				A66AA23026AFF3CC00733E15 /* Base */,
			);
			name = LaunchScreen.storyboard;
			sourceTree = "<group>";
		};
/* End PBXVariantGroup section */

/* Begin XCBuildConfiguration section */
		A66AA23326AFF3CC00733E15 /* Debug */ = {
			isa = XCBuildConfiguration;
			buildSettings = {
				ALWAYS_SEARCH_USER_PATHS = NO;
				CLANG_ANALYZER_NONNULL = YES;
				CLANG_ANALYZER_NUMBER_OBJECT_CONVERSION = YES_AGGRESSIVE;
				CLANG_CXX_LANGUAGE_STANDARD = "gnu++14";
				CLANG_CXX_LIBRARY = "libc++";
				CLANG_ENABLE_MODULES = YES;
				CLANG_ENABLE_OBJC_ARC = YES;
				CLANG_ENABLE_OBJC_WEAK = YES;
				CLANG_WARN_BLOCK_CAPTURE_AUTORELEASING = YES;
				CLANG_WARN_BOOL_CONVERSION = YES;
				CLANG_WARN_COMMA = YES;
				CLANG_WARN_CONSTANT_CONVERSION = YES;
				CLANG_WARN_DEPRECATED_OBJC_IMPLEMENTATIONS = YES;
				CLANG_WARN_DIRECT_OBJC_ISA_USAGE = YES_ERROR;
				CLANG_WARN_DOCUMENTATION_COMMENTS = YES;
				CLANG_WARN_EMPTY_BODY = YES;
				CLANG_WARN_ENUM_CONVERSION = YES;
				CLANG_WARN_INFINITE_RECURSION = YES;
				CLANG_WARN_INT_CONVERSION = YES;
				CLANG_WARN_NON_LITERAL_NULL_CONVERSION = YES;
				CLANG_WARN_OBJC_IMPLICIT_RETAIN_SELF = YES;
				CLANG_WARN_OBJC_LITERAL_CONVERSION = YES;
				CLANG_WARN_OBJC_ROOT_CLASS = YES_ERROR;
				CLANG_WARN_QUOTED_INCLUDE_IN_FRAMEWORK_HEADER = YES;
				CLANG_WARN_RANGE_LOOP_ANALYSIS = YES;
				CLANG_WARN_STRICT_PROTOTYPES = YES;
				CLANG_WARN_SUSPICIOUS_MOVE = YES;
				CLANG_WARN_UNGUARDED_AVAILABILITY = YES_AGGRESSIVE;
				CLANG_WARN_UNREACHABLE_CODE = YES;
				CLANG_WARN__DUPLICATE_METHOD_MATCH = YES;
				COPY_PHASE_STRIP = NO;
				DEBUG_INFORMATION_FORMAT = dwarf;
				ENABLE_STRICT_OBJC_MSGSEND = YES;
				ENABLE_TESTABILITY = YES;
				GCC_C_LANGUAGE_STANDARD = gnu11;
				GCC_DYNAMIC_NO_PIC = NO;
				GCC_NO_COMMON_BLOCKS = YES;
				GCC_OPTIMIZATION_LEVEL = 0;
				GCC_PREPROCESSOR_DEFINITIONS = (
					"DEBUG=1",
					"$(inherited)",
				);
				GCC_WARN_64_TO_32_BIT_CONVERSION = YES;
				GCC_WARN_ABOUT_RETURN_TYPE = YES_ERROR;
				GCC_WARN_UNDECLARED_SELECTOR = YES;
				GCC_WARN_UNINITIALIZED_AUTOS = YES_AGGRESSIVE;
				GCC_WARN_UNUSED_FUNCTION = YES;
				GCC_WARN_UNUSED_VARIABLE = YES;
				IPHONEOS_DEPLOYMENT_TARGET = 14.5;
				MTL_ENABLE_DEBUG_INFO = INCLUDE_SOURCE;
				MTL_FAST_MATH = YES;
				ONLY_ACTIVE_ARCH = YES;
				SDKROOT = iphoneos;
				SWIFT_ACTIVE_COMPILATION_CONDITIONS = DEBUG;
				SWIFT_OPTIMIZATION_LEVEL = "-Onone";
			};
			name = Debug;
		};
		A66AA23426AFF3CC00733E15 /* Release */ = {
			isa = XCBuildConfiguration;
			buildSettings = {
				ALWAYS_SEARCH_USER_PATHS = NO;
				CLANG_ANALYZER_NONNULL = YES;
				CLANG_ANALYZER_NUMBER_OBJECT_CONVERSION = YES_AGGRESSIVE;
				CLANG_CXX_LANGUAGE_STANDARD = "gnu++14";
				CLANG_CXX_LIBRARY = "libc++";
				CLANG_ENABLE_MODULES = YES;
				CLANG_ENABLE_OBJC_ARC = YES;
				CLANG_ENABLE_OBJC_WEAK = YES;
				CLANG_WARN_BLOCK_CAPTURE_AUTORELEASING = YES;
				CLANG_WARN_BOOL_CONVERSION = YES;
				CLANG_WARN_COMMA = YES;
				CLANG_WARN_CONSTANT_CONVERSION = YES;
				CLANG_WARN_DEPRECATED_OBJC_IMPLEMENTATIONS = YES;
				CLANG_WARN_DIRECT_OBJC_ISA_USAGE = YES_ERROR;
				CLANG_WARN_DOCUMENTATION_COMMENTS = YES;
				CLANG_WARN_EMPTY_BODY = YES;
				CLANG_WARN_ENUM_CONVERSION = YES;
				CLANG_WARN_INFINITE_RECURSION = YES;
				CLANG_WARN_INT_CONVERSION = YES;
				CLANG_WARN_NON_LITERAL_NULL_CONVERSION = YES;
				CLANG_WARN_OBJC_IMPLICIT_RETAIN_SELF = YES;
				CLANG_WARN_OBJC_LITERAL_CONVERSION = YES;
				CLANG_WARN_OBJC_ROOT_CLASS = YES_ERROR;
				CLANG_WARN_QUOTED_INCLUDE_IN_FRAMEWORK_HEADER = YES;
				CLANG_WARN_RANGE_LOOP_ANALYSIS = YES;
				CLANG_WARN_STRICT_PROTOTYPES = YES;
				CLANG_WARN_SUSPICIOUS_MOVE = YES;
				CLANG_WARN_UNGUARDED_AVAILABILITY = YES_AGGRESSIVE;
				CLANG_WARN_UNREACHABLE_CODE = YES;
				CLANG_WARN__DUPLICATE_METHOD_MATCH = YES;
				COPY_PHASE_STRIP = NO;
				DEBUG_INFORMATION_FORMAT = "dwarf-with-dsym";
				ENABLE_NS_ASSERTIONS = NO;
				ENABLE_STRICT_OBJC_MSGSEND = YES;
				GCC_C_LANGUAGE_STANDARD = gnu11;
				GCC_NO_COMMON_BLOCKS = YES;
				GCC_WARN_64_TO_32_BIT_CONVERSION = YES;
				GCC_WARN_ABOUT_RETURN_TYPE = YES_ERROR;
				GCC_WARN_UNDECLARED_SELECTOR = YES;
				GCC_WARN_UNINITIALIZED_AUTOS = YES_AGGRESSIVE;
				GCC_WARN_UNUSED_FUNCTION = YES;
				GCC_WARN_UNUSED_VARIABLE = YES;
				IPHONEOS_DEPLOYMENT_TARGET = 14.5;
				MTL_ENABLE_DEBUG_INFO = NO;
				MTL_FAST_MATH = YES;
				SDKROOT = iphoneos;
				SWIFT_COMPILATION_MODE = wholemodule;
				SWIFT_OPTIMIZATION_LEVEL = "-O";
				VALIDATE_PRODUCT = YES;
			};
			name = Release;
		};
		A66AA23626AFF3CC00733E15 /* Debug */ = {
			isa = XCBuildConfiguration;
			buildSettings = {
				ASSETCATALOG_COMPILER_APPICON_NAME = AppIcon;
				ASSETCATALOG_COMPILER_GLOBAL_ACCENT_COLOR_NAME = AccentColor;
				CODE_SIGN_STYLE = Automatic;
				DEVELOPMENT_TEAM = CKL3YP3Z77;
				INFOPLIST_FILE = SyncImage/Info.plist;
				LD_RUNPATH_SEARCH_PATHS = (
					"$(inherited)",
					"@executable_path/Frameworks",
				);
				PRODUCT_BUNDLE_IDENTIFIER = th.in.lordgift.SyncImage;
				PRODUCT_NAME = "$(TARGET_NAME)";
				SWIFT_VERSION = 5.0;
				TARGETED_DEVICE_FAMILY = "1,2";
			};
			name = Debug;
		};
		A66AA23726AFF3CC00733E15 /* Release */ = {
			isa = XCBuildConfiguration;
			buildSettings = {
				ASSETCATALOG_COMPILER_APPICON_NAME = AppIcon;
				ASSETCATALOG_COMPILER_GLOBAL_ACCENT_COLOR_NAME = AccentColor;
				CODE_SIGN_STYLE = Automatic;
				DEVELOPMENT_TEAM = CKL3YP3Z77;
				INFOPLIST_FILE = SyncImage/Info.plist;
				LD_RUNPATH_SEARCH_PATHS = (
					"$(inherited)",
					"@executable_path/Frameworks",
				);
				PRODUCT_BUNDLE_IDENTIFIER = th.in.lordgift.SyncImage;
				PRODUCT_NAME = "$(TARGET_NAME)";
				SWIFT_VERSION = 5.0;
				TARGETED_DEVICE_FAMILY = "1,2";
			};
			name = Release;
		};
/* End XCBuildConfiguration section */

/* Begin XCConfigurationList section */
		A66AA21C26AFF3C900733E15 /* Build configuration list for PBXProject "SyncImage" */ = {
			isa = XCConfigurationList;
			buildConfigurations = (
				A66AA23326AFF3CC00733E15 /* Debug */,
				A66AA23426AFF3CC00733E15 /* Release */,
			);
			defaultConfigurationIsVisible = 0;
			defaultConfigurationName = Release;
		};
		A66AA23526AFF3CC00733E15 /* Build configuration list for PBXNativeTarget "SyncImage" */ = {
			isa = XCConfigurationList;
			buildConfigurations = (
				A66AA23626AFF3CC00733E15 /* Debug */,
				A66AA23726AFF3CC00733E15 /* Release */,
			);
			defaultConfigurationIsVisible = 0;
			defaultConfigurationName = Release;
		};
/* End XCConfigurationList section */

/* Begin XCRemoteSwiftPackageReference section */
		A66AA24226B005DC00733E15 /* XCRemoteSwiftPackageReference "realm-cocoa" */ = {
			isa = XCRemoteSwiftPackageReference;
			repositoryURL = "https://github.com/realm/realm-cocoa";
			requirement = {
				kind = upToNextMajorVersion;
				minimumVersion = 10.11.0;
			};
		};
		A66AA24726B0061000733E15 /* XCRemoteSwiftPackageReference "Alamofire" */ = {
			isa = XCRemoteSwiftPackageReference;
			repositoryURL = "https://github.com/Alamofire/Alamofire.git";
			requirement = {
				kind = upToNextMajorVersion;
				minimumVersion = 5.4.3;
			};
		};
/* End XCRemoteSwiftPackageReference section */

/* Begin XCSwiftPackageProductDependency section */
		A66AA24326B005DC00733E15 /* Realm */ = {
			isa = XCSwiftPackageProductDependency;
			package = A66AA24226B005DC00733E15 /* XCRemoteSwiftPackageReference "realm-cocoa" */;
			productName = Realm;
		};
		A66AA24526B005DC00733E15 /* RealmSwift */ = {
			isa = XCSwiftPackageProductDependency;
			package = A66AA24226B005DC00733E15 /* XCRemoteSwiftPackageReference "realm-cocoa" */;
			productName = RealmSwift;
		};
		A66AA24826B0061000733E15 /* Alamofire */ = {
			isa = XCSwiftPackageProductDependency;
			package = A66AA24726B0061000733E15 /* XCRemoteSwiftPackageReference "Alamofire" */;
			productName = Alamofire;
		};
/* End XCSwiftPackageProductDependency section */
	};
	rootObject = A66AA21926AFF3C900733E15 /* Project object */;
}
